
Microsoft Visual Studio Solution File, Format Version 12.00
# Visual Studio Version 17
VisualStudioVersion = 17.14.36603.0 d17.14
MinimumVisualStudioVersion = 10.0.40219.1
Project("{FAE04EC0-301F-11D3-BF4B-00C04F79EFBC}") = "HikConnect", "HikConnect\HikConnect.csproj", "{75C64752-37D2-4698-B76D-3E2E86706219}"
EndProject
Global
	GlobalSection(SolutionConfigurationPlatforms) = preSolution
		Debug|Any CPU = Debug|Any CPU
		Release|Any CPU = Release|Any CPU
	EndGlobalSection
	GlobalSection(ProjectConfigurationPlatforms) = postSolution
		{75C64752-37D2-4698-B76D-3E2E86706219}.Debug|Any CPU.ActiveCfg = Debug|Any CPU
		{75C64752-37D2-4698-B76D-3E2E86706219}.Debug|Any CPU.Build.0 = Debug|Any CPU
		{75C64752-37D2-4698-B76D-3E2E86706219}.Release|Any CPU.ActiveCfg = Release|Any CPU
		{75C64752-37D2-4698-B76D-3E2E86706219}.Release|Any CPU.Build.0 = Release|Any CPU
	EndGlobalSection
	GlobalSection(SolutionProperties) = preSolution
		HideSolutionNode = FALSE
	EndGlobalSection
	GlobalSection(ExtensibilityGlobals) = postSolution
		SolutionGuid = {447CAB6D-EF1A-4219-BADA-2A94CAD031E2}
	EndGlobalSection
EndGlobal
