
Microsoft Visual Studio Solution File, Format Version 12.00
# Visual Studio Version 18
VisualStudioVersion = 18.0.11205.157
MinimumVisualStudioVersion = 10.0.40219.1
Project("{FAE04EC0-301F-11D3-BF4B-00C04F79EFBC}") = "NG.MicroERP.Aspire.AppHost", "NG.MicroERP.Aspire\NG.MicroERP.Aspire.AppHost\NG.MicroERP.Aspire.AppHost.csproj", "{D39150FB-8196-4081-8CA9-6421FBF06E05}"
EndProject
Project("{FAE04EC0-301F-11D3-BF4B-00C04F79EFBC}") = "NG.MicroERP.Aspire.ServiceDefaults", "NG.MicroERP.Aspire\NG.MicroERP.Aspire.ServiceDefaults\NG.MicroERP.Aspire.ServiceDefaults.csproj", "{3A3831E8-E308-1633-81D7-C6817D42C176}"
EndProject
Project("{FAE04EC0-301F-11D3-BF4B-00C04F79EFBC}") = "NG.MicroERP.Aspire.ApiService", "NG.MicroERP.Aspire\NG.MicroERP.Aspire.ApiService\NG.MicroERP.Aspire.ApiService.csproj", "{EC5777ED-57A8-B2CF-2251-C31C56644C18}"
EndProject
Project("{FAE04EC0-301F-11D3-BF4B-00C04F79EFBC}") = "NG.MicroERP", "NG.MicroERP\NG.MicroERP\NG.MicroERP.csproj", "{F9EAB988-994B-4392-A016-BE0E75DE42FF}"
EndProject
Project("{FAE04EC0-301F-11D3-BF4B-00C04F79EFBC}") = "NG.MicroERP.Shared", "NG.MicroERP\NG.MicroERP.Shared\NG.MicroERP.Shared.csproj", "{76CF6082-6D2A-4645-8B0E-48B758EF2525}"
EndProject
Project("{FAE04EC0-301F-11D3-BF4B-00C04F79EFBC}") = "NG.MicroERP.Web", "NG.MicroERP\NG.MicroERP.Web\NG.MicroERP.Web.csproj", "{CD2D9E4F-2A2E-4FF1-B570-63581AD2A27F}"
EndProject
Project("{FAE04EC0-301F-11D3-BF4B-00C04F79EFBC}") = "NG.MicroERP.API", "NG.MicroERP.API\NG.MicroERP.API.csproj", "{DF5010ED-2D67-618B-00B5-3666C67B8B78}"
EndProject
Global
	GlobalSection(SolutionConfigurationPlatforms) = preSolution
		Debug|Any CPU = Debug|Any CPU
		Release|Any CPU = Release|Any CPU
	EndGlobalSection
	GlobalSection(ProjectConfigurationPlatforms) = postSolution
		{D39150FB-8196-4081-8CA9-6421FBF06E05}.Debug|Any CPU.ActiveCfg = Debug|Any CPU
		{D39150FB-8196-4081-8CA9-6421FBF06E05}.Debug|Any CPU.Build.0 = Debug|Any CPU
		{D39150FB-8196-4081-8CA9-6421FBF06E05}.Release|Any CPU.ActiveCfg = Release|Any CPU
		{D39150FB-8196-4081-8CA9-6421FBF06E05}.Release|Any CPU.Build.0 = Release|Any CPU
		{3A3831E8-E308-1633-81D7-C6817D42C176}.Debug|Any CPU.ActiveCfg = Debug|Any CPU
		{3A3831E8-E308-1633-81D7-C6817D42C176}.Debug|Any CPU.Build.0 = Debug|Any CPU
		{3A3831E8-E308-1633-81D7-C6817D42C176}.Release|Any CPU.ActiveCfg = Release|Any CPU
		{3A3831E8-E308-1633-81D7-C6817D42C176}.Release|Any CPU.Build.0 = Release|Any CPU
		{EC5777ED-57A8-B2CF-2251-C31C56644C18}.Debug|Any CPU.ActiveCfg = Debug|Any CPU
		{EC5777ED-57A8-B2CF-2251-C31C56644C18}.Debug|Any CPU.Build.0 = Debug|Any CPU
		{EC5777ED-57A8-B2CF-2251-C31C56644C18}.Release|Any CPU.ActiveCfg = Release|Any CPU
		{EC5777ED-57A8-B2CF-2251-C31C56644C18}.Release|Any CPU.Build.0 = Release|Any CPU
		{F9EAB988-994B-4392-A016-BE0E75DE42FF}.Debug|Any CPU.ActiveCfg = Debug|Any CPU
		{F9EAB988-994B-4392-A016-BE0E75DE42FF}.Debug|Any CPU.Build.0 = Debug|Any CPU
		{F9EAB988-994B-4392-A016-BE0E75DE42FF}.Debug|Any CPU.Deploy.0 = Debug|Any CPU
		{F9EAB988-994B-4392-A016-BE0E75DE42FF}.Release|Any CPU.ActiveCfg = Release|Any CPU
		{F9EAB988-994B-4392-A016-BE0E75DE42FF}.Release|Any CPU.Build.0 = Release|Any CPU
		{F9EAB988-994B-4392-A016-BE0E75DE42FF}.Release|Any CPU.Deploy.0 = Release|Any CPU
		{76CF6082-6D2A-4645-8B0E-48B758EF2525}.Debug|Any CPU.ActiveCfg = Debug|Any CPU
		{76CF6082-6D2A-4645-8B0E-48B758EF2525}.Debug|Any CPU.Build.0 = Debug|Any CPU
		{76CF6082-6D2A-4645-8B0E-48B758EF2525}.Release|Any CPU.ActiveCfg = Release|Any CPU
		{76CF6082-6D2A-4645-8B0E-48B758EF2525}.Release|Any CPU.Build.0 = Release|Any CPU
		{CD2D9E4F-2A2E-4FF1-B570-63581AD2A27F}.Debug|Any CPU.ActiveCfg = Debug|Any CPU
		{CD2D9E4F-2A2E-4FF1-B570-63581AD2A27F}.Debug|Any CPU.Build.0 = Debug|Any CPU
		{CD2D9E4F-2A2E-4FF1-B570-63581AD2A27F}.Release|Any CPU.ActiveCfg = Release|Any CPU
		{CD2D9E4F-2A2E-4FF1-B570-63581AD2A27F}.Release|Any CPU.Build.0 = Release|Any CPU
		{DF5010ED-2D67-618B-00B5-3666C67B8B78}.Debug|Any CPU.ActiveCfg = Debug|Any CPU
		{DF5010ED-2D67-618B-00B5-3666C67B8B78}.Debug|Any CPU.Build.0 = Debug|Any CPU
		{DF5010ED-2D67-618B-00B5-3666C67B8B78}.Release|Any CPU.ActiveCfg = Release|Any CPU
		{DF5010ED-2D67-618B-00B5-3666C67B8B78}.Release|Any CPU.Build.0 = Release|Any CPU
	EndGlobalSection
	GlobalSection(SolutionProperties) = preSolution
		HideSolutionNode = FALSE
	EndGlobalSection
	GlobalSection(ExtensibilityGlobals) = postSolution
		SolutionGuid = {DB77FAFD-E5C4-4C2F-97FB-F12AF5917E37}
	EndGlobalSection
EndGlobal
